
Microsoft Visual Studio Solution File, Format Version 12.00
# Visual Studio Version 17
VisualStudioVersion = 17.5.33516.290
MinimumVisualStudioVersion = 10.0.40219.1
Project("{9A19103F-16F7-4668-BE54-9A1E7A4F7556}") = "EProcurement", "EProcurement\EProcurement.csproj", "{A4002097-8CE3-46C4-9B70-BA057D07600F}"
EndProject
Project("{9A19103F-16F7-4668-BE54-9A1E7A4F7556}") = "EProcurement.Infrastructure", "EProcurement.Infrastructure\EProcurement.Infrastructure.csproj", "{2BB930FD-5B34-489E-BD8D-5AA415BAF124}"
EndProject
Project("{FAE04EC0-301F-11D3-BF4B-00C04F79EFBC}") = "EProcurement.Domain", "EProcurement.Domain\EProcurement.Domain.csproj", "{AAE8E45B-8ED0-4DFE-8F84-3C446EBB826E}"
EndProject
Project("{FAE04EC0-301F-11D3-BF4B-00C04F79EFBC}") = "EProcurment.Services", "EProcurment.Services\EProcurment.Services.csproj", "{8F4FA6BE-FF98-43EC-85C9-EB257EB914FA}"
EndProject
Project("{FAE04EC0-301F-11D3-BF4B-00C04F79EFBC}") = "EProcurement.Applications", "EProcurement.Applications\EProcurement.Applications.csproj", "{1AEEE883-C8A5-47A5-A84C-915DFD05BC9C}"
EndProject
Global
	GlobalSection(SolutionConfigurationPlatforms) = preSolution
		Debug|Any CPU = Debug|Any CPU
		Release|Any CPU = Release|Any CPU
	EndGlobalSection
	GlobalSection(ProjectConfigurationPlatforms) = postSolution
		{A4002097-8CE3-46C4-9B70-BA057D07600F}.Debug|Any CPU.ActiveCfg = Debug|Any CPU
		{A4002097-8CE3-46C4-9B70-BA057D07600F}.Debug|Any CPU.Build.0 = Debug|Any CPU
		{A4002097-8CE3-46C4-9B70-BA057D07600F}.Release|Any CPU.ActiveCfg = Release|Any CPU
		{A4002097-8CE3-46C4-9B70-BA057D07600F}.Release|Any CPU.Build.0 = Release|Any CPU
		{2BB930FD-5B34-489E-BD8D-5AA415BAF124}.Debug|Any CPU.ActiveCfg = Debug|Any CPU
		{2BB930FD-5B34-489E-BD8D-5AA415BAF124}.Debug|Any CPU.Build.0 = Debug|Any CPU
		{2BB930FD-5B34-489E-BD8D-5AA415BAF124}.Release|Any CPU.ActiveCfg = Release|Any CPU
		{2BB930FD-5B34-489E-BD8D-5AA415BAF124}.Release|Any CPU.Build.0 = Release|Any CPU
		{AAE8E45B-8ED0-4DFE-8F84-3C446EBB826E}.Debug|Any CPU.ActiveCfg = Debug|Any CPU
		{AAE8E45B-8ED0-4DFE-8F84-3C446EBB826E}.Debug|Any CPU.Build.0 = Debug|Any CPU
		{AAE8E45B-8ED0-4DFE-8F84-3C446EBB826E}.Release|Any CPU.ActiveCfg = Release|Any CPU
		{AAE8E45B-8ED0-4DFE-8F84-3C446EBB826E}.Release|Any CPU.Build.0 = Release|Any CPU
		{8F4FA6BE-FF98-43EC-85C9-EB257EB914FA}.Debug|Any CPU.ActiveCfg = Debug|Any CPU
		{8F4FA6BE-FF98-43EC-85C9-EB257EB914FA}.Debug|Any CPU.Build.0 = Debug|Any CPU
		{8F4FA6BE-FF98-43EC-85C9-EB257EB914FA}.Release|Any CPU.ActiveCfg = Release|Any CPU
		{8F4FA6BE-FF98-43EC-85C9-EB257EB914FA}.Release|Any CPU.Build.0 = Release|Any CPU
		{1AEEE883-C8A5-47A5-A84C-915DFD05BC9C}.Debug|Any CPU.ActiveCfg = Debug|Any CPU
		{1AEEE883-C8A5-47A5-A84C-915DFD05BC9C}.Debug|Any CPU.Build.0 = Debug|Any CPU
		{1AEEE883-C8A5-47A5-A84C-915DFD05BC9C}.Release|Any CPU.ActiveCfg = Release|Any CPU
		{1AEEE883-C8A5-47A5-A84C-915DFD05BC9C}.Release|Any CPU.Build.0 = Release|Any CPU
	EndGlobalSection
	GlobalSection(SolutionProperties) = preSolution
		HideSolutionNode = FALSE
	EndGlobalSection
	GlobalSection(ExtensibilityGlobals) = postSolution
		SolutionGuid = {2A83B7A5-579A-4A24-841F-030AE3A6B5FD}
	EndGlobalSection
EndGlobal
